# This file is automatically @generated by Poetry 1.5.1 and should not be changed by hand.

[[package]]
name = "pdfrw"
version = "0.4"
description = "PDF file reader/writer library"
optional = false
python-versions = "*"
files = [
    {file = "pdfrw-0.4-py2.py3-none-any.whl", hash = "sha256:758289edaa3b672e9a1a67504be73c18ec668d4e5b9d5ac9cbc0dc753d8d196b"},
    {file = "pdfrw-0.4.tar.gz", hash = "sha256:0dc0494a0e6561b268542b28ede2280387c2728114f117d3bb5d8e4787b93ef4"},
]

[metadata]
lock-version = "2.0"
python-versions = "^3.8"
content-hash = "f2ebc238c17478737edfa399b2c88f269a9c6ff2085a2a4bfc1a72d8cedf96d0"
